// !$*UTF8*$!
{
	archiveVersion = 1;
	classes = {
	};
	objectVersion = 50;
	objects = {

/* Begin PBXBuildFile section */
		982CEE88225D502100D3E886 /* AppDelegate.swift in Sources */ = {isa = PBXBuildFile; fileRef = 982CEE87225D502100D3E886 /* AppDelegate.swift */; };
		982CEE8A225D502100D3E886 /* ViewController.swift in Sources */ = {isa = PBXBuildFile; fileRef = 982CEE89225D502100D3E886 /* ViewController.swift */; };
		982CEE8D225D502100D3E886 /* Main.storyboard in Resources */ = {isa = PBXBuildFile; fileRef = 982CEE8B225D502100D3E886 /* Main.storyboard */; };
		982CEE8F225D502500D3E886 /* Assets.xcassets in Resources */ = {isa = PBXBuildFile; fileRef = 982CEE8E225D502500D3E886 /* Assets.xcassets */; };
		982CEE92225D502500D3E886 /* LaunchScreen.storyboard in Resources */ = {isa = PBXBuildFile; fileRef = 982CEE90225D502500D3E886 /* LaunchScreen.storyboard */; };
		982CEE9D225D502600D3E886 /* Chef_It_UpTests.swift in Sources */ = {isa = PBXBuildFile; fileRef = 982CEE9C225D502600D3E886 /* Chef_It_UpTests.swift */; };
		982CEEA8225D502600D3E886 /* Chef_It_UpUITests.swift in Sources */ = {isa = PBXBuildFile; fileRef = 982CEEA7225D502600D3E886 /* Chef_It_UpUITests.swift */; };
/* End PBXBuildFile section */

/* Begin PBXContainerItemProxy section */
		982CEE99225D502600D3E886 /* PBXContainerItemProxy */ = {
			isa = PBXContainerItemProxy;
			containerPortal = 982CEE7C225D502100D3E886 /* Project object */;
			proxyType = 1;
			remoteGlobalIDString = 982CEE83225D502100D3E886;
			remoteInfo = "Chef It Up";
		};
		982CEEA4225D502600D3E886 /* PBXContainerItemProxy */ = {
			isa = PBXContainerItemProxy;
			containerPortal = 982CEE7C225D502100D3E886 /* Project object */;
			proxyType = 1;
			remoteGlobalIDString = 982CEE83225D502100D3E886;
			remoteInfo = "Chef It Up";
		};
/* End PBXContainerItemProxy section */

/* Begin PBXFileReference section */
		982CEE84225D502100D3E886 /* Chef It Up.app */ = {isa = PBXFileReference; explicitFileType = wrapper.application; includeInIndex = 0; path = "Chef It Up.app"; sourceTree = BUILT_PRODUCTS_DIR; };
		982CEE87225D502100D3E886 /* AppDelegate.swift */ = {isa = PBXFileReference; lastKnownFileType = sourcecode.swift; path = AppDelegate.swift; sourceTree = "<group>"; };
		982CEE89225D502100D3E886 /* ViewController.swift */ = {isa = PBXFileReference; lastKnownFileType = sourcecode.swift; path = ViewController.swift; sourceTree = "<group>"; };
		982CEE8C225D502100D3E886 /* Base */ = {isa = PBXFileReference; lastKnownFileType = file.storyboard; name = Base; path = Base.lproj/Main.storyboard; sourceTree = "<group>"; };
		982CEE8E225D502500D3E886 /* Assets.xcassets */ = {isa = PBXFileReference; lastKnownFileType = folder.assetcatalog; path = Assets.xcassets; sourceTree = "<group>"; };
		982CEE91225D502500D3E886 /* Base */ = {isa = PBXFileReference; lastKnownFileType = file.storyboard; name = Base; path = Base.lproj/LaunchScreen.storyboard; sourceTree = "<group>"; };
		982CEE93225D502500D3E886 /* Info.plist */ = {isa = PBXFileReference; lastKnownFileType = text.plist.xml; path = Info.plist; sourceTree = "<group>"; };
		982CEE98225D502600D3E886 /* Chef It UpTests.xctest */ = {isa = PBXFileReference; explicitFileType = wrapper.cfbundle; includeInIndex = 0; path = "Chef It UpTests.xctest"; sourceTree = BUILT_PRODUCTS_DIR; };
		982CEE9C225D502600D3E886 /* Chef_It_UpTests.swift */ = {isa = PBXFileReference; lastKnownFileType = sourcecode.swift; path = Chef_It_UpTests.swift; sourceTree = "<group>"; };
		982CEE9E225D502600D3E886 /* Info.plist */ = {isa = PBXFileReference; lastKnownFileType = text.plist.xml; path = Info.plist; sourceTree = "<group>"; };
		982CEEA3225D502600D3E886 /* Chef It UpUITests.xctest */ = {isa = PBXFileReference; explicitFileType = wrapper.cfbundle; includeInIndex = 0; path = "Chef It UpUITests.xctest"; sourceTree = BUILT_PRODUCTS_DIR; };
		982CEEA7225D502600D3E886 /* Chef_It_UpUITests.swift */ = {isa = PBXFileReference; lastKnownFileType = sourcecode.swift; path = Chef_It_UpUITests.swift; sourceTree = "<group>"; };
		982CEEA9225D502600D3E886 /* Info.plist */ = {isa = PBXFileReference; lastKnownFileType = text.plist.xml; path = Info.plist; sourceTree = "<group>"; };
/* End PBXFileReference section */

/* Begin PBXFrameworksBuildPhase section */
		982CEE81225D502100D3E886 /* Frameworks */ = {
			isa = PBXFrameworksBuildPhase;
			buildActionMask = 2147483647;
			files = (
			);
			runOnlyForDeploymentPostprocessing = 0;
		};
		982CEE95225D502600D3E886 /* Frameworks */ = {
			isa = PBXFrameworksBuildPhase;
			buildActionMask = 2147483647;
			files = (
			);
			runOnlyForDeploymentPostprocessing = 0;
		};
		982CEEA0225D502600D3E886 /* Frameworks */ = {
			isa = PBXFrameworksBuildPhase;
			buildActionMask = 2147483647;
			files = (
			);
			runOnlyForDeploymentPostprocessing = 0;
		};
/* End PBXFrameworksBuildPhase section */

/* Begin PBXGroup section */
		982CEE7B225D502100D3E886 = {
			isa = PBXGroup;
			children = (
				982CEE86225D502100D3E886 /* Chef It Up */,
				982CEE9B225D502600D3E886 /* Chef It UpTests */,
				982CEEA6225D502600D3E886 /* Chef It UpUITests */,
				982CEE85225D502100D3E886 /* Products */,
			);
			sourceTree = "<group>";
		};
		982CEE85225D502100D3E886 /* Products */ = {
			isa = PBXGroup;
			children = (
				982CEE84225D502100D3E886 /* Chef It Up.app */,
				982CEE98225D502600D3E886 /* Chef It UpTests.xctest */,
				982CEEA3225D502600D3E886 /* Chef It UpUITests.xctest */,
			);
			name = Products;
			sourceTree = "<group>";
		};
		982CEE86225D502100D3E886 /* Chef It Up */ = {
			isa = PBXGroup;
			children = (
				982CEE87225D502100D3E886 /* AppDelegate.swift */,
				982CEE89225D502100D3E886 /* ViewController.swift */,
				982CEE8B225D502100D3E886 /* Main.storyboard */,
				982CEE8E225D502500D3E886 /* Assets.xcassets */,
				982CEE90225D502500D3E886 /* LaunchScreen.storyboard */,
				982CEE93225D502500D3E886 /* Info.plist */,
			);
			path = "Chef It Up";
			sourceTree = "<group>";
		};
		982CEE9B225D502600D3E886 /* Chef It UpTests */ = {
			isa = PBXGroup;
			children = (
				982CEE9C225D502600D3E886 /* Chef_It_UpTests.swift */,
				982CEE9E225D502600D3E886 /* Info.plist */,
			);
			path = "Chef It UpTests";
			sourceTree = "<group>";
		};
		982CEEA6225D502600D3E886 /* Chef It UpUITests */ = {
			isa = PBXGroup;
			children = (
				982CEEA7225D502600D3E886 /* Chef_It_UpUITests.swift */,
				982CEEA9225D502600D3E886 /* Info.plist */,
			);
			path = "Chef It UpUITests";
			sourceTree = "<group>";
		};
/* End PBXGroup section */

/* Begin PBXNativeTarget section */
		982CEE83225D502100D3E886 /* Chef It Up */ = {
			isa = PBXNativeTarget;
			buildConfigurationList = 982CEEAC225D502600D3E886 /* Build configuration list for PBXNativeTarget "Chef It Up" */;
			buildPhases = (
				982CEE80225D502100D3E886 /* Sources */,
				982CEE81225D502100D3E886 /* Frameworks */,
				982CEE82225D502100D3E886 /* Resources */,
			);
			buildRules = (
			);
			dependencies = (
			);
			name = "Chef It Up";
			productName = "Chef It Up";
			productReference = 982CEE84225D502100D3E886 /* Chef It Up.app */;
			productType = "com.apple.product-type.application";
		};
		982CEE97225D502600D3E886 /* Chef It UpTests */ = {
			isa = PBXNativeTarget;
			buildConfigurationList = 982CEEAF225D502600D3E886 /* Build configuration list for PBXNativeTarget "Chef It UpTests" */;
			buildPhases = (
				982CEE94225D502600D3E886 /* Sources */,
				982CEE95225D502600D3E886 /* Frameworks */,
				982CEE96225D502600D3E886 /* Resources */,
			);
			buildRules = (
			);
			dependencies = (
				982CEE9A225D502600D3E886 /* PBXTargetDependency */,
			);
			name = "Chef It UpTests";
			productName = "Chef It UpTests";
			productReference = 982CEE98225D502600D3E886 /* Chef It UpTests.xctest */;
			productType = "com.apple.product-type.bundle.unit-test";
		};
		982CEEA2225D502600D3E886 /* Chef It UpUITests */ = {
			isa = PBXNativeTarget;
			buildConfigurationList = 982CEEB2225D502600D3E886 /* Build configuration list for PBXNativeTarget "Chef It UpUITests" */;
			buildPhases = (
				982CEE9F225D502600D3E886 /* Sources */,
				982CEEA0225D502600D3E886 /* Frameworks */,
				982CEEA1225D502600D3E886 /* Resources */,
			);
			buildRules = (
			);
			dependencies = (
				982CEEA5225D502600D3E886 /* PBXTargetDependency */,
			);
			name = "Chef It UpUITests";
			productName = "Chef It UpUITests";
			productReference = 982CEEA3225D502600D3E886 /* Chef It UpUITests.xctest */;
			productType = "com.apple.product-type.bundle.ui-testing";
		};
/* End PBXNativeTarget section */

/* Begin PBXProject section */
		982CEE7C225D502100D3E886 /* Project object */ = {
			isa = PBXProject;
			attributes = {
				LastSwiftUpdateCheck = 1010;
				LastUpgradeCheck = 1010;
				ORGANIZATIONNAME = "Jay'son Alburg";
				TargetAttributes = {
					982CEE83225D502100D3E886 = {
						CreatedOnToolsVersion = 10.1;
					};
					982CEE97225D502600D3E886 = {
						CreatedOnToolsVersion = 10.1;
						TestTargetID = 982CEE83225D502100D3E886;
					};
					982CEEA2225D502600D3E886 = {
						CreatedOnToolsVersion = 10.1;
						TestTargetID = 982CEE83225D502100D3E886;
					};
				};
			};
			buildConfigurationList = 982CEE7F225D502100D3E886 /* Build configuration list for PBXProject "Chef It Up" */;
			compatibilityVersion = "Xcode 9.3";
			developmentRegion = en;
			hasScannedForEncodings = 0;
			knownRegions = (
				en,
				Base,
			);
			mainGroup = 982CEE7B225D502100D3E886;
			productRefGroup = 982CEE85225D502100D3E886 /* Products */;
			projectDirPath = "";
			projectRoot = "";
			targets = (
				982CEE83225D502100D3E886 /* Chef It Up */,
				982CEE97225D502600D3E886 /* Chef It UpTests */,
				982CEEA2225D502600D3E886 /* Chef It UpUITests */,
			);
		};
/* End PBXProject section */

/* Begin PBXResourcesBuildPhase section */
		982CEE82225D502100D3E886 /* Resources */ = {
			isa = PBXResourcesBuildPhase;
			buildActionMask = 2147483647;
			files = (
				982CEE92225D502500D3E886 /* LaunchScreen.storyboard in Resources */,
				982CEE8F225D502500D3E886 /* Assets.xcassets in Resources */,
				982CEE8D225D502100D3E886 /* Main.storyboard in Resources */,
			);
			runOnlyForDeploymentPostprocessing = 0;
		};
		982CEE96225D502600D3E886 /* Resources */ = {
			isa = PBXResourcesBuildPhase;
			buildActionMask = 2147483647;
			files = (
			);
			runOnlyForDeploymentPostprocessing = 0;
		};
		982CEEA1225D502600D3E886 /* Resources */ = {
			isa = PBXResourcesBuildPhase;
			buildActionMask = 2147483647;
			files = (
			);
			runOnlyForDeploymentPostprocessing = 0;
		};
/* End PBXResourcesBuildPhase section */

/* Begin PBXSourcesBuildPhase section */
		982CEE80225D502100D3E886 /* Sources */ = {
			isa = PBXSourcesBuildPhase;
			buildActionMask = 2147483647;
			files = (
				982CEE8A225D502100D3E886 /* ViewController.swift in Sources */,
				982CEE88225D502100D3E886 /* AppDelegate.swift in Sources */,
			);
			runOnlyForDeploymentPostprocessing = 0;
		};
		982CEE94225D502600D3E886 /* Sources */ = {
			isa = PBXSourcesBuildPhase;
			buildActionMask = 2147483647;
			files = (
				982CEE9D225D502600D3E886 /* Chef_It_UpTests.swift in Sources */,
			);
			runOnlyForDeploymentPostprocessing = 0;
		};
		982CEE9F225D502600D3E886 /* Sources */ = {
			isa = PBXSourcesBuildPhase;
			buildActionMask = 2147483647;
			files = (
				982CEEA8225D502600D3E886 /* Chef_It_UpUITests.swift in Sources */,
			);
			runOnlyForDeploymentPostprocessing = 0;
		};
/* End PBXSourcesBuildPhase section */

/* Begin PBXTargetDependency section */
		982CEE9A225D502600D3E886 /* PBXTargetDependency */ = {
			isa = PBXTargetDependency;
			target = 982CEE83225D502100D3E886 /* Chef It Up */;
			targetProxy = 982CEE99225D502600D3E886 /* PBXContainerItemProxy */;
		};
		982CEEA5225D502600D3E886 /* PBXTargetDependency */ = {
			isa = PBXTargetDependency;
			target = 982CEE83225D502100D3E886 /* Chef It Up */;
			targetProxy = 982CEEA4225D502600D3E886 /* PBXContainerItemProxy */;
		};
/* End PBXTargetDependency section */

/* Begin PBXVariantGroup section */
		982CEE8B225D502100D3E886 /* Main.storyboard */ = {
			isa = PBXVariantGroup;
			children = (
				982CEE8C225D502100D3E886 /* Base */,
			);
			name = Main.storyboard;
			sourceTree = "<group>";
		};
		982CEE90225D502500D3E886 /* LaunchScreen.storyboard */ = {
			isa = PBXVariantGroup;
			children = (
				982CEE91225D502500D3E886 /* Base */,
			);
			name = LaunchScreen.storyboard;
			sourceTree = "<group>";
		};
/* End PBXVariantGroup section */

/* Begin XCBuildConfiguration section */
		982CEEAA225D502600D3E886 /* Debug */ = {
			isa = XCBuildConfiguration;
			buildSettings = {
				ALWAYS_SEARCH_USER_PATHS = NO;
				CLANG_ANALYZER_NONNULL = YES;
				CLANG_ANALYZER_NUMBER_OBJECT_CONVERSION = YES_AGGRESSIVE;
				CLANG_CXX_LANGUAGE_STANDARD = "gnu++14";
				CLANG_CXX_LIBRARY = "libc++";
				CLANG_ENABLE_MODULES = YES;
				CLANG_ENABLE_OBJC_ARC = YES;
				CLANG_ENABLE_OBJC_WEAK = YES;
				CLANG_WARN_BLOCK_CAPTURE_AUTORELEASING = YES;
				CLANG_WARN_BOOL_CONVERSION = YES;
				CLANG_WARN_COMMA = YES;
				CLANG_WARN_CONSTANT_CONVERSION = YES;
				CLANG_WARN_DEPRECATED_OBJC_IMPLEMENTATIONS = YES;
				CLANG_WARN_DIRECT_OBJC_ISA_USAGE = YES_ERROR;
				CLANG_WARN_DOCUMENTATION_COMMENTS = YES;
				CLANG_WARN_EMPTY_BODY = YES;
				CLANG_WARN_ENUM_CONVERSION = YES;
				CLANG_WARN_INFINITE_RECURSION = YES;
				CLANG_WARN_INT_CONVERSION = YES;
				CLANG_WARN_NON_LITERAL_NULL_CONVERSION = YES;
				CLANG_WARN_OBJC_IMPLICIT_RETAIN_SELF = YES;
				CLANG_WARN_OBJC_LITERAL_CONVERSION = YES;
				CLANG_WARN_OBJC_ROOT_CLASS = YES_ERROR;
				CLANG_WARN_RANGE_LOOP_ANALYSIS = YES;
				CLANG_WARN_STRICT_PROTOTYPES = YES;
				CLANG_WARN_SUSPICIOUS_MOVE = YES;
				CLANG_WARN_UNGUARDED_AVAILABILITY = YES_AGGRESSIVE;
				CLANG_WARN_UNREACHABLE_CODE = YES;
				CLANG_WARN__DUPLICATE_METHOD_MATCH = YES;
				CODE_SIGN_IDENTITY = "iPhone Developer";
				COPY_PHASE_STRIP = NO;
				DEBUG_INFORMATION_FORMAT = dwarf;
				ENABLE_STRICT_OBJC_MSGSEND = YES;
				ENABLE_TESTABILITY = YES;
				GCC_C_LANGUAGE_STANDARD = gnu11;
				GCC_DYNAMIC_NO_PIC = NO;
				GCC_NO_COMMON_BLOCKS = YES;
				GCC_OPTIMIZATION_LEVEL = 0;
				GCC_PREPROCESSOR_DEFINITIONS = (
					"DEBUG=1",
					"$(inherited)",
				);
				GCC_WARN_64_TO_32_BIT_CONVERSION = YES;
				GCC_WARN_ABOUT_RETURN_TYPE = YES_ERROR;
				GCC_WARN_UNDECLARED_SELECTOR = YES;
				GCC_WARN_UNINITIALIZED_AUTOS = YES_AGGRESSIVE;
				GCC_WARN_UNUSED_FUNCTION = YES;
				GCC_WARN_UNUSED_VARIABLE = YES;
				IPHONEOS_DEPLOYMENT_TARGET = 12.1;
				MTL_ENABLE_DEBUG_INFO = INCLUDE_SOURCE;
				MTL_FAST_MATH = YES;
				ONLY_ACTIVE_ARCH = YES;
				SDKROOT = iphoneos;
				SWIFT_ACTIVE_COMPILATION_CONDITIONS = DEBUG;
				SWIFT_OPTIMIZATION_LEVEL = "-Onone";
			};
			name = Debug;
		};
		982CEEAB225D502600D3E886 /* Release */ = {
			isa = XCBuildConfiguration;
			buildSettings = {
				ALWAYS_SEARCH_USER_PATHS = NO;
				CLANG_ANALYZER_NONNULL = YES;
				CLANG_ANALYZER_NUMBER_OBJECT_CONVERSION = YES_AGGRESSIVE;
				CLANG_CXX_LANGUAGE_STANDARD = "gnu++14";
				CLANG_CXX_LIBRARY = "libc++";
				CLANG_ENABLE_MODULES = YES;
				CLANG_ENABLE_OBJC_ARC = YES;
				CLANG_ENABLE_OBJC_WEAK = YES;
				CLANG_WARN_BLOCK_CAPTURE_AUTORELEASING = YES;
				CLANG_WARN_BOOL_CONVERSION = YES;
				CLANG_WARN_COMMA = YES;
				CLANG_WARN_CONSTANT_CONVERSION = YES;
				CLANG_WARN_DEPRECATED_OBJC_IMPLEMENTATIONS = YES;
				CLANG_WARN_DIRECT_OBJC_ISA_USAGE = YES_ERROR;
				CLANG_WARN_DOCUMENTATION_COMMENTS = YES;
				CLANG_WARN_EMPTY_BODY = YES;
				CLANG_WARN_ENUM_CONVERSION = YES;
				CLANG_WARN_INFINITE_RECURSION = YES;
				CLANG_WARN_INT_CONVERSION = YES;
				CLANG_WARN_NON_LITERAL_NULL_CONVERSION = YES;
				CLANG_WARN_OBJC_IMPLICIT_RETAIN_SELF = YES;
				CLANG_WARN_OBJC_LITERAL_CONVERSION = YES;
				CLANG_WARN_OBJC_ROOT_CLASS = YES_ERROR;
				CLANG_WARN_RANGE_LOOP_ANALYSIS = YES;
				CLANG_WARN_STRICT_PROTOTYPES = YES;
				CLANG_WARN_SUSPICIOUS_MOVE = YES;
				CLANG_WARN_UNGUARDED_AVAILABILITY = YES_AGGRESSIVE;
				CLANG_WARN_UNREACHABLE_CODE = YES;
				CLANG_WARN__DUPLICATE_METHOD_MATCH = YES;
				CODE_SIGN_IDENTITY = "iPhone Developer";
				COPY_PHASE_STRIP = NO;
				DEBUG_INFORMATION_FORMAT = "dwarf-with-dsym";
				ENABLE_NS_ASSERTIONS = NO;
				ENABLE_STRICT_OBJC_MSGSEND = YES;
				GCC_C_LANGUAGE_STANDARD = gnu11;
				GCC_NO_COMMON_BLOCKS = YES;
				GCC_WARN_64_TO_32_BIT_CONVERSION = YES;
				GCC_WARN_ABOUT_RETURN_TYPE = YES_ERROR;
				GCC_WARN_UNDECLARED_SELECTOR = YES;
				GCC_WARN_UNINITIALIZED_AUTOS = YES_AGGRESSIVE;
				GCC_WARN_UNUSED_FUNCTION = YES;
				GCC_WARN_UNUSED_VARIABLE = YES;
				IPHONEOS_DEPLOYMENT_TARGET = 12.1;
				MTL_ENABLE_DEBUG_INFO = NO;
				MTL_FAST_MATH = YES;
				SDKROOT = iphoneos;
				SWIFT_COMPILATION_MODE = wholemodule;
				SWIFT_OPTIMIZATION_LEVEL = "-O";
				VALIDATE_PRODUCT = YES;
			};
			name = Release;
		};
		982CEEAD225D502600D3E886 /* Debug */ = {
			isa = XCBuildConfiguration;
			buildSettings = {
				ASSETCATALOG_COMPILER_APPICON_NAME = AppIcon;
				CODE_SIGN_STYLE = Automatic;
				INFOPLIST_FILE = "Chef It Up/Info.plist";
				LD_RUNPATH_SEARCH_PATHS = (
					"$(inherited)",
					"@executable_path/Frameworks",
				);
				PRODUCT_BUNDLE_IDENTIFIER = "MidProgram.Chef-It-Up";
				PRODUCT_NAME = "$(TARGET_NAME)";
				SWIFT_VERSION = 4.2;
				TARGETED_DEVICE_FAMILY = "1,2";
			};
			name = Debug;
		};
		982CEEAE225D502600D3E886 /* Release */ = {
			isa = XCBuildConfiguration;
			buildSettings = {
				ASSETCATALOG_COMPILER_APPICON_NAME = AppIcon;
				CODE_SIGN_STYLE = Automatic;
				INFOPLIST_FILE = "Chef It Up/Info.plist";
				LD_RUNPATH_SEARCH_PATHS = (
					"$(inherited)",
					"@executable_path/Frameworks",
				);
				PRODUCT_BUNDLE_IDENTIFIER = "MidProgram.Chef-It-Up";
				PRODUCT_NAME = "$(TARGET_NAME)";
				SWIFT_VERSION = 4.2;
				TARGETED_DEVICE_FAMILY = "1,2";
			};
			name = Release;
		};
		982CEEB0225D502600D3E886 /* Debug */ = {
			isa = XCBuildConfiguration;
			buildSettings = {
				ALWAYS_EMBED_SWIFT_STANDARD_LIBRARIES = YES;
				BUNDLE_LOADER = "$(TEST_HOST)";
				CODE_SIGN_STYLE = Automatic;
				INFOPLIST_FILE = "Chef It UpTests/Info.plist";
				LD_RUNPATH_SEARCH_PATHS = (
					"$(inherited)",
					"@executable_path/Frameworks",
					"@loader_path/Frameworks",
				);
				PRODUCT_BUNDLE_IDENTIFIER = "MidProgram.Chef-It-UpTests";
				PRODUCT_NAME = "$(TARGET_NAME)";
				SWIFT_VERSION = 4.2;
				TARGETED_DEVICE_FAMILY = "1,2";
				TEST_HOST = "$(BUILT_PRODUCTS_DIR)/Chef It Up.app/Chef It Up";
			};
			name = Debug;
		};
		982CEEB1225D502600D3E886 /* Release */ = {
			isa = XCBuildConfiguration;
			buildSettings = {
				ALWAYS_EMBED_SWIFT_STANDARD_LIBRARIES = YES;
				BUNDLE_LOADER = "$(TEST_HOST)";
				CODE_SIGN_STYLE = Automatic;
				INFOPLIST_FILE = "Chef It UpTests/Info.plist";
				LD_RUNPATH_SEARCH_PATHS = (
					"$(inherited)",
					"@executable_path/Frameworks",
					"@loader_path/Frameworks",
				);
				PRODUCT_BUNDLE_IDENTIFIER = "MidProgram.Chef-It-UpTests";
				PRODUCT_NAME = "$(TARGET_NAME)";
				SWIFT_VERSION = 4.2;
				TARGETED_DEVICE_FAMILY = "1,2";
				TEST_HOST = "$(BUILT_PRODUCTS_DIR)/Chef It Up.app/Chef It Up";
			};
			name = Release;
		};
		982CEEB3225D502600D3E886 /* Debug */ = {
			isa = XCBuildConfiguration;
			buildSettings = {
				ALWAYS_EMBED_SWIFT_STANDARD_LIBRARIES = YES;
				CODE_SIGN_STYLE = Automatic;
				INFOPLIST_FILE = "Chef It UpUITests/Info.plist";
				LD_RUNPATH_SEARCH_PATHS = (
					"$(inherited)",
					"@executable_path/Frameworks",
					"@loader_path/Frameworks",
				);
				PRODUCT_BUNDLE_IDENTIFIER = "MidProgram.Chef-It-UpUITests";
				PRODUCT_NAME = "$(TARGET_NAME)";
				SWIFT_VERSION = 4.2;
				TARGETED_DEVICE_FAMILY = "1,2";
				TEST_TARGET_NAME = "Chef It Up";
			};
			name = Debug;
		};
		982CEEB4225D502600D3E886 /* Release */ = {
			isa = XCBuildConfiguration;
			buildSettings = {
				ALWAYS_EMBED_SWIFT_STANDARD_LIBRARIES = YES;
				CODE_SIGN_STYLE = Automatic;
				INFOPLIST_FILE = "Chef It UpUITests/Info.plist";
				LD_RUNPATH_SEARCH_PATHS = (
					"$(inherited)",
					"@executable_path/Frameworks",
					"@loader_path/Frameworks",
				);
				PRODUCT_BUNDLE_IDENTIFIER = "MidProgram.Chef-It-UpUITests";
				PRODUCT_NAME = "$(TARGET_NAME)";
				SWIFT_VERSION = 4.2;
				TARGETED_DEVICE_FAMILY = "1,2";
				TEST_TARGET_NAME = "Chef It Up";
			};
			name = Release;
		};
/* End XCBuildConfiguration section */

/* Begin XCConfigurationList section */
		982CEE7F225D502100D3E886 /* Build configuration list for PBXProject "Chef It Up" */ = {
			isa = XCConfigurationList;
			buildConfigurations = (
				982CEEAA225D502600D3E886 /* Debug */,
				982CEEAB225D502600D3E886 /* Release */,
			);
			defaultConfigurationIsVisible = 0;
			defaultConfigurationName = Release;
		};
		982CEEAC225D502600D3E886 /* Build configuration list for PBXNativeTarget "Chef It Up" */ = {
			isa = XCConfigurationList;
			buildConfigurations = (
				982CEEAD225D502600D3E886 /* Debug */,
				982CEEAE225D502600D3E886 /* Release */,
			);
			defaultConfigurationIsVisible = 0;
			defaultConfigurationName = Release;
		};
		982CEEAF225D502600D3E886 /* Build configuration list for PBXNativeTarget "Chef It UpTests" */ = {
			isa = XCConfigurationList;
			buildConfigurations = (
				982CEEB0225D502600D3E886 /* Debug */,
				982CEEB1225D502600D3E886 /* Release */,
			);
			defaultConfigurationIsVisible = 0;
			defaultConfigurationName = Release;
		};
		982CEEB2225D502600D3E886 /* Build configuration list for PBXNativeTarget "Chef It UpUITests" */ = {
			isa = XCConfigurationList;
			buildConfigurations = (
				982CEEB3225D502600D3E886 /* Debug */,
				982CEEB4225D502600D3E886 /* Release */,
			);
			defaultConfigurationIsVisible = 0;
			defaultConfigurationName = Release;
		};
/* End XCConfigurationList section */
	};
	rootObject = 982CEE7C225D502100D3E886 /* Project object */;
}
