// !$*UTF8*$!
{
	archiveVersion = 1;
	classes = {
	};
	objectVersion = 50;
	objects = {

/* Begin PBXBuildFile section */
		7A58186E4ECE271DDE2BAD49 /* Pods_Chef_It_Up.framework in Frameworks */ = {isa = PBXBuildFile; fileRef = 152240E1C702DFD8EB376DE2 /* Pods_Chef_It_Up.framework */; };
		8E4606B7C4259EDA4F876EE2 /* Pods_Chef_It_UpTests.framework in Frameworks */ = {isa = PBXBuildFile; fileRef = 230FA4FE38C82B4F543D47E3 /* Pods_Chef_It_UpTests.framework */; };
		9821895622664CF6006CBE66 /* ProfilePageViewController.swift in Sources */ = {isa = PBXBuildFile; fileRef = 9821895522664CF6006CBE66 /* ProfilePageViewController.swift */; };
		982CEE88225D502100D3E886 /* AppDelegate.swift in Sources */ = {isa = PBXBuildFile; fileRef = 982CEE87225D502100D3E886 /* AppDelegate.swift */; };
		982CEE8D225D502100D3E886 /* Main.storyboard in Resources */ = {isa = PBXBuildFile; fileRef = 982CEE8B225D502100D3E886 /* Main.storyboard */; };
		982CEE8F225D502500D3E886 /* Assets.xcassets in Resources */ = {isa = PBXBuildFile; fileRef = 982CEE8E225D502500D3E886 /* Assets.xcassets */; };
		982CEE92225D502500D3E886 /* LaunchScreen.storyboard in Resources */ = {isa = PBXBuildFile; fileRef = 982CEE90225D502500D3E886 /* LaunchScreen.storyboard */; };
		982CEE9D225D502600D3E886 /* Chef_It_UpTests.swift in Sources */ = {isa = PBXBuildFile; fileRef = 982CEE9C225D502600D3E886 /* Chef_It_UpTests.swift */; };
		982CEEA8225D502600D3E886 /* Chef_It_UpUITests.swift in Sources */ = {isa = PBXBuildFile; fileRef = 982CEEA7225D502600D3E886 /* Chef_It_UpUITests.swift */; };
		987E66FE2263E494008F42EC /* LoginViewController.swift in Sources */ = {isa = PBXBuildFile; fileRef = 987E66FD2263E494008F42EC /* LoginViewController.swift */; };
		98D586E222655DAF00D8B913 /* CuisineTableViewController.swift in Sources */ = {isa = PBXBuildFile; fileRef = 98D586E122655DAF00D8B913 /* CuisineTableViewController.swift */; };
		B3537B6E7D64825D6FAE0880 /* Pods_Chef_It_UpUITests.framework in Frameworks */ = {isa = PBXBuildFile; fileRef = EB33C802465218E3EFE524C4 /* Pods_Chef_It_UpUITests.framework */; };
/* End PBXBuildFile section */

/* Begin PBXContainerItemProxy section */
		982CEE99225D502600D3E886 /* PBXContainerItemProxy */ = {
			isa = PBXContainerItemProxy;
			containerPortal = 982CEE7C225D502100D3E886 /* Project object */;
			proxyType = 1;
			remoteGlobalIDString = 982CEE83225D502100D3E886;
			remoteInfo = "Chef It Up";
		};
		982CEEA4225D502600D3E886 /* PBXContainerItemProxy */ = {
			isa = PBXContainerItemProxy;
			containerPortal = 982CEE7C225D502100D3E886 /* Project object */;
			proxyType = 1;
			remoteGlobalIDString = 982CEE83225D502100D3E886;
			remoteInfo = "Chef It Up";
		};
/* End PBXContainerItemProxy section */

/* Begin PBXFileReference section */
		152240E1C702DFD8EB376DE2 /* Pods_Chef_It_Up.framework */ = {isa = PBXFileReference; explicitFileType = wrapper.framework; includeInIndex = 0; path = Pods_Chef_It_Up.framework; sourceTree = BUILT_PRODUCTS_DIR; };
		230FA4FE38C82B4F543D47E3 /* Pods_Chef_It_UpTests.framework */ = {isa = PBXFileReference; explicitFileType = wrapper.framework; includeInIndex = 0; path = Pods_Chef_It_UpTests.framework; sourceTree = BUILT_PRODUCTS_DIR; };
		254AA7E618823372522CC7A9 /* Pods-Chef It UpTests.debug.xcconfig */ = {isa = PBXFileReference; includeInIndex = 1; lastKnownFileType = text.xcconfig; name = "Pods-Chef It UpTests.debug.xcconfig"; path = "Pods/Target Support Files/Pods-Chef It UpTests/Pods-Chef It UpTests.debug.xcconfig"; sourceTree = "<group>"; };
		3C79D40E3D150C78AE85E7FC /* Pods-Chef It Up.debug.xcconfig */ = {isa = PBXFileReference; includeInIndex = 1; lastKnownFileType = text.xcconfig; name = "Pods-Chef It Up.debug.xcconfig"; path = "Pods/Target Support Files/Pods-Chef It Up/Pods-Chef It Up.debug.xcconfig"; sourceTree = "<group>"; };
		75BDB28BF73CB153D14BA756 /* Pods-Chef It UpUITests.release.xcconfig */ = {isa = PBXFileReference; includeInIndex = 1; lastKnownFileType = text.xcconfig; name = "Pods-Chef It UpUITests.release.xcconfig"; path = "Pods/Target Support Files/Pods-Chef It UpUITests/Pods-Chef It UpUITests.release.xcconfig"; sourceTree = "<group>"; };
		96B65AA8709739563BD7519B /* Pods-Chef It UpTests.release.xcconfig */ = {isa = PBXFileReference; includeInIndex = 1; lastKnownFileType = text.xcconfig; name = "Pods-Chef It UpTests.release.xcconfig"; path = "Pods/Target Support Files/Pods-Chef It UpTests/Pods-Chef It UpTests.release.xcconfig"; sourceTree = "<group>"; };
		9821895522664CF6006CBE66 /* ProfilePageViewController.swift */ = {isa = PBXFileReference; lastKnownFileType = sourcecode.swift; path = ProfilePageViewController.swift; sourceTree = "<group>"; };
		982CEE84225D502100D3E886 /* Chef It Up.app */ = {isa = PBXFileReference; explicitFileType = wrapper.application; includeInIndex = 0; path = "Chef It Up.app"; sourceTree = BUILT_PRODUCTS_DIR; };
		982CEE87225D502100D3E886 /* AppDelegate.swift */ = {isa = PBXFileReference; lastKnownFileType = sourcecode.swift; path = AppDelegate.swift; sourceTree = "<group>"; };
		982CEE8C225D502100D3E886 /* Base */ = {isa = PBXFileReference; lastKnownFileType = file.storyboard; name = Base; path = Base.lproj/Main.storyboard; sourceTree = "<group>"; };
		982CEE8E225D502500D3E886 /* Assets.xcassets */ = {isa = PBXFileReference; lastKnownFileType = folder.assetcatalog; path = Assets.xcassets; sourceTree = "<group>"; };
		982CEE91225D502500D3E886 /* Base */ = {isa = PBXFileReference; lastKnownFileType = file.storyboard; name = Base; path = Base.lproj/LaunchScreen.storyboard; sourceTree = "<group>"; };
		982CEE93225D502500D3E886 /* Info.plist */ = {isa = PBXFileReference; lastKnownFileType = text.plist.xml; path = Info.plist; sourceTree = "<group>"; };
		982CEE98225D502600D3E886 /* Chef It UpTests.xctest */ = {isa = PBXFileReference; explicitFileType = wrapper.cfbundle; includeInIndex = 0; path = "Chef It UpTests.xctest"; sourceTree = BUILT_PRODUCTS_DIR; };
		982CEE9C225D502600D3E886 /* Chef_It_UpTests.swift */ = {isa = PBXFileReference; lastKnownFileType = sourcecode.swift; path = Chef_It_UpTests.swift; sourceTree = "<group>"; };
		982CEE9E225D502600D3E886 /* Info.plist */ = {isa = PBXFileReference; lastKnownFileType = text.plist.xml; path = Info.plist; sourceTree = "<group>"; };
		982CEEA3225D502600D3E886 /* Chef It UpUITests.xctest */ = {isa = PBXFileReference; explicitFileType = wrapper.cfbundle; includeInIndex = 0; path = "Chef It UpUITests.xctest"; sourceTree = BUILT_PRODUCTS_DIR; };
		982CEEA7225D502600D3E886 /* Chef_It_UpUITests.swift */ = {isa = PBXFileReference; lastKnownFileType = sourcecode.swift; path = Chef_It_UpUITests.swift; sourceTree = "<group>"; };
		982CEEA9225D502600D3E886 /* Info.plist */ = {isa = PBXFileReference; lastKnownFileType = text.plist.xml; path = Info.plist; sourceTree = "<group>"; };
		987E66FD2263E494008F42EC /* LoginViewController.swift */ = {isa = PBXFileReference; lastKnownFileType = sourcecode.swift; path = LoginViewController.swift; sourceTree = "<group>"; };
		98D586E122655DAF00D8B913 /* CuisineTableViewController.swift */ = {isa = PBXFileReference; lastKnownFileType = sourcecode.swift; path = CuisineTableViewController.swift; sourceTree = "<group>"; };
		CC1F8A795414ECE1480C170D /* Pods-Chef It Up.release.xcconfig */ = {isa = PBXFileReference; includeInIndex = 1; lastKnownFileType = text.xcconfig; name = "Pods-Chef It Up.release.xcconfig"; path = "Pods/Target Support Files/Pods-Chef It Up/Pods-Chef It Up.release.xcconfig"; sourceTree = "<group>"; };
		EB33C802465218E3EFE524C4 /* Pods_Chef_It_UpUITests.framework */ = {isa = PBXFileReference; explicitFileType = wrapper.framework; includeInIndex = 0; path = Pods_Chef_It_UpUITests.framework; sourceTree = BUILT_PRODUCTS_DIR; };
		F8D55E3B17B1C4384A1FDD72 /* Pods-Chef It UpUITests.debug.xcconfig */ = {isa = PBXFileReference; includeInIndex = 1; lastKnownFileType = text.xcconfig; name = "Pods-Chef It UpUITests.debug.xcconfig"; path = "Pods/Target Support Files/Pods-Chef It UpUITests/Pods-Chef It UpUITests.debug.xcconfig"; sourceTree = "<group>"; };
/* End PBXFileReference section */

/* Begin PBXFrameworksBuildPhase section */
		982CEE81225D502100D3E886 /* Frameworks */ = {
			isa = PBXFrameworksBuildPhase;
			buildActionMask = 2147483647;
			files = (
				7A58186E4ECE271DDE2BAD49 /* Pods_Chef_It_Up.framework in Frameworks */,
			);
			runOnlyForDeploymentPostprocessing = 0;
		};
		982CEE95225D502600D3E886 /* Frameworks */ = {
			isa = PBXFrameworksBuildPhase;
			buildActionMask = 2147483647;
			files = (
				8E4606B7C4259EDA4F876EE2 /* Pods_Chef_It_UpTests.framework in Frameworks */,
			);
			runOnlyForDeploymentPostprocessing = 0;
		};
		982CEEA0225D502600D3E886 /* Frameworks */ = {
			isa = PBXFrameworksBuildPhase;
			buildActionMask = 2147483647;
			files = (
				B3537B6E7D64825D6FAE0880 /* Pods_Chef_It_UpUITests.framework in Frameworks */,
			);
			runOnlyForDeploymentPostprocessing = 0;
		};
/* End PBXFrameworksBuildPhase section */

/* Begin PBXGroup section */
		7555FCFE8989A07FF8D5B58C /* Pods */ = {
			isa = PBXGroup;
			children = (
				3C79D40E3D150C78AE85E7FC /* Pods-Chef It Up.debug.xcconfig */,
				CC1F8A795414ECE1480C170D /* Pods-Chef It Up.release.xcconfig */,
				254AA7E618823372522CC7A9 /* Pods-Chef It UpTests.debug.xcconfig */,
				96B65AA8709739563BD7519B /* Pods-Chef It UpTests.release.xcconfig */,
				F8D55E3B17B1C4384A1FDD72 /* Pods-Chef It UpUITests.debug.xcconfig */,
				75BDB28BF73CB153D14BA756 /* Pods-Chef It UpUITests.release.xcconfig */,
			);
			name = Pods;
			sourceTree = "<group>";
		};
		78CA78AFC160729DB73DAACD /* Frameworks */ = {
			isa = PBXGroup;
			children = (
				152240E1C702DFD8EB376DE2 /* Pods_Chef_It_Up.framework */,
				230FA4FE38C82B4F543D47E3 /* Pods_Chef_It_UpTests.framework */,
				EB33C802465218E3EFE524C4 /* Pods_Chef_It_UpUITests.framework */,
			);
			name = Frameworks;
			sourceTree = "<group>";
		};
		982CEE7B225D502100D3E886 = {
			isa = PBXGroup;
			children = (
				982CEE86225D502100D3E886 /* Chef It Up */,
				982CEE9B225D502600D3E886 /* Chef It UpTests */,
				982CEEA6225D502600D3E886 /* Chef It UpUITests */,
				982CEE85225D502100D3E886 /* Products */,
				7555FCFE8989A07FF8D5B58C /* Pods */,
				78CA78AFC160729DB73DAACD /* Frameworks */,
			);
			sourceTree = "<group>";
		};
		982CEE85225D502100D3E886 /* Products */ = {
			isa = PBXGroup;
			children = (
				982CEE84225D502100D3E886 /* Chef It Up.app */,
				982CEE98225D502600D3E886 /* Chef It UpTests.xctest */,
				982CEEA3225D502600D3E886 /* Chef It UpUITests.xctest */,
			);
			name = Products;
			sourceTree = "<group>";
		};
		982CEE86225D502100D3E886 /* Chef It Up */ = {
			isa = PBXGroup;
			children = (
				982CEE87225D502100D3E886 /* AppDelegate.swift */,
				982CEE8B225D502100D3E886 /* Main.storyboard */,
				982CEE8E225D502500D3E886 /* Assets.xcassets */,
				982CEE90225D502500D3E886 /* LaunchScreen.storyboard */,
				982CEE93225D502500D3E886 /* Info.plist */,
				987E66FD2263E494008F42EC /* LoginViewController.swift */,
				98D586E122655DAF00D8B913 /* CuisineTableViewController.swift */,
				9821895522664CF6006CBE66 /* ProfilePageViewController.swift */,
			);
			path = "Chef It Up";
			sourceTree = "<group>";
		};
		982CEE9B225D502600D3E886 /* Chef It UpTests */ = {
			isa = PBXGroup;
			children = (
				982CEE9C225D502600D3E886 /* Chef_It_UpTests.swift */,
				982CEE9E225D502600D3E886 /* Info.plist */,
			);
			path = "Chef It UpTests";
			sourceTree = "<group>";
		};
		982CEEA6225D502600D3E886 /* Chef It UpUITests */ = {
			isa = PBXGroup;
			children = (
				982CEEA7225D502600D3E886 /* Chef_It_UpUITests.swift */,
				982CEEA9225D502600D3E886 /* Info.plist */,
			);
			path = "Chef It UpUITests";
			sourceTree = "<group>";
		};
/* End PBXGroup section */

/* Begin PBXNativeTarget section */
		982CEE83225D502100D3E886 /* Chef It Up */ = {
			isa = PBXNativeTarget;
			buildConfigurationList = 982CEEAC225D502600D3E886 /* Build configuration list for PBXNativeTarget "Chef It Up" */;
			buildPhases = (
				BEE8D976AA8376C42FC5C68B /* [CP] Check Pods Manifest.lock */,
				982CEE80225D502100D3E886 /* Sources */,
				982CEE81225D502100D3E886 /* Frameworks */,
				982CEE82225D502100D3E886 /* Resources */,
				6BC4E43B86A8507101E0E887 /* [CP] Embed Pods Frameworks */,
			);
			buildRules = (
			);
			dependencies = (
			);
			name = "Chef It Up";
			productName = "Chef It Up";
			productReference = 982CEE84225D502100D3E886 /* Chef It Up.app */;
			productType = "com.apple.product-type.application";
		};
		982CEE97225D502600D3E886 /* Chef It UpTests */ = {
			isa = PBXNativeTarget;
			buildConfigurationList = 982CEEAF225D502600D3E886 /* Build configuration list for PBXNativeTarget "Chef It UpTests" */;
			buildPhases = (
				0BE90B48BD8F806B628C8C16 /* [CP] Check Pods Manifest.lock */,
				982CEE94225D502600D3E886 /* Sources */,
				982CEE95225D502600D3E886 /* Frameworks */,
				982CEE96225D502600D3E886 /* Resources */,
			);
			buildRules = (
			);
			dependencies = (
				982CEE9A225D502600D3E886 /* PBXTargetDependency */,
			);
			name = "Chef It UpTests";
			productName = "Chef It UpTests";
			productReference = 982CEE98225D502600D3E886 /* Chef It UpTests.xctest */;
			productType = "com.apple.product-type.bundle.unit-test";
		};
		982CEEA2225D502600D3E886 /* Chef It UpUITests */ = {
			isa = PBXNativeTarget;
			buildConfigurationList = 982CEEB2225D502600D3E886 /* Build configuration list for PBXNativeTarget "Chef It UpUITests" */;
			buildPhases = (
				837048398280AD51C57CF087 /* [CP] Check Pods Manifest.lock */,
				982CEE9F225D502600D3E886 /* Sources */,
				982CEEA0225D502600D3E886 /* Frameworks */,
				982CEEA1225D502600D3E886 /* Resources */,
			);
			buildRules = (
			);
			dependencies = (
				982CEEA5225D502600D3E886 /* PBXTargetDependency */,
			);
			name = "Chef It UpUITests";
			productName = "Chef It UpUITests";
			productReference = 982CEEA3225D502600D3E886 /* Chef It UpUITests.xctest */;
			productType = "com.apple.product-type.bundle.ui-testing";
		};
/* End PBXNativeTarget section */

/* Begin PBXProject section */
		982CEE7C225D502100D3E886 /* Project object */ = {
			isa = PBXProject;
			attributes = {
				LastSwiftUpdateCheck = 1010;
				LastUpgradeCheck = 1010;
				ORGANIZATIONNAME = "Jay'son Alburg";
				TargetAttributes = {
					982CEE83225D502100D3E886 = {
						CreatedOnToolsVersion = 10.1;
					};
					982CEE97225D502600D3E886 = {
						CreatedOnToolsVersion = 10.1;
						TestTargetID = 982CEE83225D502100D3E886;
					};
					982CEEA2225D502600D3E886 = {
						CreatedOnToolsVersion = 10.1;
						TestTargetID = 982CEE83225D502100D3E886;
					};
				};
			};
			buildConfigurationList = 982CEE7F225D502100D3E886 /* Build configuration list for PBXProject "Chef It Up" */;
			compatibilityVersion = "Xcode 9.3";
			developmentRegion = en;
			hasScannedForEncodings = 0;
			knownRegions = (
				en,
				Base,
			);
			mainGroup = 982CEE7B225D502100D3E886;
			productRefGroup = 982CEE85225D502100D3E886 /* Products */;
			projectDirPath = "";
			projectRoot = "";
			targets = (
				982CEE83225D502100D3E886 /* Chef It Up */,
				982CEE97225D502600D3E886 /* Chef It UpTests */,
				982CEEA2225D502600D3E886 /* Chef It UpUITests */,
			);
		};
/* End PBXProject section */

/* Begin PBXResourcesBuildPhase section */
		982CEE82225D502100D3E886 /* Resources */ = {
			isa = PBXResourcesBuildPhase;
			buildActionMask = 2147483647;
			files = (
				982CEE92225D502500D3E886 /* LaunchScreen.storyboard in Resources */,
				982CEE8F225D502500D3E886 /* Assets.xcassets in Resources */,
				982CEE8D225D502100D3E886 /* Main.storyboard in Resources */,
			);
			runOnlyForDeploymentPostprocessing = 0;
		};
		982CEE96225D502600D3E886 /* Resources */ = {
			isa = PBXResourcesBuildPhase;
			buildActionMask = 2147483647;
			files = (
			);
			runOnlyForDeploymentPostprocessing = 0;
		};
		982CEEA1225D502600D3E886 /* Resources */ = {
			isa = PBXResourcesBuildPhase;
			buildActionMask = 2147483647;
			files = (
			);
			runOnlyForDeploymentPostprocessing = 0;
		};
/* End PBXResourcesBuildPhase section */

/* Begin PBXShellScriptBuildPhase section */
		0BE90B48BD8F806B628C8C16 /* [CP] Check Pods Manifest.lock */ = {
			isa = PBXShellScriptBuildPhase;
			buildActionMask = 2147483647;
			files = (
			);
			inputFileListPaths = (
			);
			inputPaths = (
				"${PODS_PODFILE_DIR_PATH}/Podfile.lock",
				"${PODS_ROOT}/Manifest.lock",
			);
			name = "[CP] Check Pods Manifest.lock";
			outputFileListPaths = (
			);
			outputPaths = (
				"$(DERIVED_FILE_DIR)/Pods-Chef It UpTests-checkManifestLockResult.txt",
			);
			runOnlyForDeploymentPostprocessing = 0;
			shellPath = /bin/sh;
			shellScript = "diff \"${PODS_PODFILE_DIR_PATH}/Podfile.lock\" \"${PODS_ROOT}/Manifest.lock\" > /dev/null\nif [ $? != 0 ] ; then\n    # print error to STDERR\n    echo \"error: The sandbox is not in sync with the Podfile.lock. Run 'pod install' or update your CocoaPods installation.\" >&2\n    exit 1\nfi\n# This output is used by Xcode 'outputs' to avoid re-running this script phase.\necho \"SUCCESS\" > \"${SCRIPT_OUTPUT_FILE_0}\"\n";
			showEnvVarsInLog = 0;
		};
		6BC4E43B86A8507101E0E887 /* [CP] Embed Pods Frameworks */ = {
			isa = PBXShellScriptBuildPhase;
			buildActionMask = 2147483647;
			files = (
			);
			inputFileListPaths = (
			);
			inputPaths = (
				"${SRCROOT}/Pods/Target Support Files/Pods-Chef It Up/Pods-Chef It Up-frameworks.sh",
				"${BUILT_PRODUCTS_DIR}/Alamofire/Alamofire.framework",
				"${BUILT_PRODUCTS_DIR}/AlamofireImage/AlamofireImage.framework",
				"${BUILT_PRODUCTS_DIR}/Bolts/Bolts.framework",
				"${BUILT_PRODUCTS_DIR}/Parse/Parse.framework",
			);
			name = "[CP] Embed Pods Frameworks";
			outputFileListPaths = (
			);
			outputPaths = (
				"${TARGET_BUILD_DIR}/${FRAMEWORKS_FOLDER_PATH}/Alamofire.framework",
				"${TARGET_BUILD_DIR}/${FRAMEWORKS_FOLDER_PATH}/AlamofireImage.framework",
				"${TARGET_BUILD_DIR}/${FRAMEWORKS_FOLDER_PATH}/Bolts.framework",
				"${TARGET_BUILD_DIR}/${FRAMEWORKS_FOLDER_PATH}/Parse.framework",
			);
			runOnlyForDeploymentPostprocessing = 0;
			shellPath = /bin/sh;
			shellScript = "\"${SRCROOT}/Pods/Target Support Files/Pods-Chef It Up/Pods-Chef It Up-frameworks.sh\"\n";
			showEnvVarsInLog = 0;
		};
		837048398280AD51C57CF087 /* [CP] Check Pods Manifest.lock */ = {
			isa = PBXShellScriptBuildPhase;
			buildActionMask = 2147483647;
			files = (
			);
			inputFileListPaths = (
			);
			inputPaths = (
				"${PODS_PODFILE_DIR_PATH}/Podfile.lock",
				"${PODS_ROOT}/Manifest.lock",
			);
			name = "[CP] Check Pods Manifest.lock";
			outputFileListPaths = (
			);
			outputPaths = (
				"$(DERIVED_FILE_DIR)/Pods-Chef It UpUITests-checkManifestLockResult.txt",
			);
			runOnlyForDeploymentPostprocessing = 0;
			shellPath = /bin/sh;
			shellScript = "diff \"${PODS_PODFILE_DIR_PATH}/Podfile.lock\" \"${PODS_ROOT}/Manifest.lock\" > /dev/null\nif [ $? != 0 ] ; then\n    # print error to STDERR\n    echo \"error: The sandbox is not in sync with the Podfile.lock. Run 'pod install' or update your CocoaPods installation.\" >&2\n    exit 1\nfi\n# This output is used by Xcode 'outputs' to avoid re-running this script phase.\necho \"SUCCESS\" > \"${SCRIPT_OUTPUT_FILE_0}\"\n";
			showEnvVarsInLog = 0;
		};
		BEE8D976AA8376C42FC5C68B /* [CP] Check Pods Manifest.lock */ = {
			isa = PBXShellScriptBuildPhase;
			buildActionMask = 2147483647;
			files = (
			);
			inputFileListPaths = (
			);
			inputPaths = (
				"${PODS_PODFILE_DIR_PATH}/Podfile.lock",
				"${PODS_ROOT}/Manifest.lock",
			);
			name = "[CP] Check Pods Manifest.lock";
			outputFileListPaths = (
			);
			outputPaths = (
				"$(DERIVED_FILE_DIR)/Pods-Chef It Up-checkManifestLockResult.txt",
			);
			runOnlyForDeploymentPostprocessing = 0;
			shellPath = /bin/sh;
			shellScript = "diff \"${PODS_PODFILE_DIR_PATH}/Podfile.lock\" \"${PODS_ROOT}/Manifest.lock\" > /dev/null\nif [ $? != 0 ] ; then\n    # print error to STDERR\n    echo \"error: The sandbox is not in sync with the Podfile.lock. Run 'pod install' or update your CocoaPods installation.\" >&2\n    exit 1\nfi\n# This output is used by Xcode 'outputs' to avoid re-running this script phase.\necho \"SUCCESS\" > \"${SCRIPT_OUTPUT_FILE_0}\"\n";
			showEnvVarsInLog = 0;
		};
/* End PBXShellScriptBuildPhase section */

/* Begin PBXSourcesBuildPhase section */
		982CEE80225D502100D3E886 /* Sources */ = {
			isa = PBXSourcesBuildPhase;
			buildActionMask = 2147483647;
			files = (
				98D586E222655DAF00D8B913 /* CuisineTableViewController.swift in Sources */,
				987E66FE2263E494008F42EC /* LoginViewController.swift in Sources */,
				982CEE88225D502100D3E886 /* AppDelegate.swift in Sources */,
				9821895622664CF6006CBE66 /* ProfilePageViewController.swift in Sources */,
			);
			runOnlyForDeploymentPostprocessing = 0;
		};
		982CEE94225D502600D3E886 /* Sources */ = {
			isa = PBXSourcesBuildPhase;
			buildActionMask = 2147483647;
			files = (
				982CEE9D225D502600D3E886 /* Chef_It_UpTests.swift in Sources */,
			);
			runOnlyForDeploymentPostprocessing = 0;
		};
		982CEE9F225D502600D3E886 /* Sources */ = {
			isa = PBXSourcesBuildPhase;
			buildActionMask = 2147483647;
			files = (
				982CEEA8225D502600D3E886 /* Chef_It_UpUITests.swift in Sources */,
			);
			runOnlyForDeploymentPostprocessing = 0;
		};
/* End PBXSourcesBuildPhase section */

/* Begin PBXTargetDependency section */
		982CEE9A225D502600D3E886 /* PBXTargetDependency */ = {
			isa = PBXTargetDependency;
			target = 982CEE83225D502100D3E886 /* Chef It Up */;
			targetProxy = 982CEE99225D502600D3E886 /* PBXContainerItemProxy */;
		};
		982CEEA5225D502600D3E886 /* PBXTargetDependency */ = {
			isa = PBXTargetDependency;
			target = 982CEE83225D502100D3E886 /* Chef It Up */;
			targetProxy = 982CEEA4225D502600D3E886 /* PBXContainerItemProxy */;
		};
/* End PBXTargetDependency section */

/* Begin PBXVariantGroup section */
		982CEE8B225D502100D3E886 /* Main.storyboard */ = {
			isa = PBXVariantGroup;
			children = (
				982CEE8C225D502100D3E886 /* Base */,
			);
			name = Main.storyboard;
			sourceTree = "<group>";
		};
		982CEE90225D502500D3E886 /* LaunchScreen.storyboard */ = {
			isa = PBXVariantGroup;
			children = (
				982CEE91225D502500D3E886 /* Base */,
			);
			name = LaunchScreen.storyboard;
			sourceTree = "<group>";
		};
/* End PBXVariantGroup section */

/* Begin XCBuildConfiguration section */
		982CEEAA225D502600D3E886 /* Debug */ = {
			isa = XCBuildConfiguration;
			buildSettings = {
				ALWAYS_SEARCH_USER_PATHS = NO;
				CLANG_ANALYZER_NONNULL = YES;
				CLANG_ANALYZER_NUMBER_OBJECT_CONVERSION = YES_AGGRESSIVE;
				CLANG_CXX_LANGUAGE_STANDARD = "gnu++14";
				CLANG_CXX_LIBRARY = "libc++";
				CLANG_ENABLE_MODULES = YES;
				CLANG_ENABLE_OBJC_ARC = YES;
				CLANG_ENABLE_OBJC_WEAK = YES;
				CLANG_WARN_BLOCK_CAPTURE_AUTORELEASING = YES;
				CLANG_WARN_BOOL_CONVERSION = YES;
				CLANG_WARN_COMMA = YES;
				CLANG_WARN_CONSTANT_CONVERSION = YES;
				CLANG_WARN_DEPRECATED_OBJC_IMPLEMENTATIONS = YES;
				CLANG_WARN_DIRECT_OBJC_ISA_USAGE = YES_ERROR;
				CLANG_WARN_DOCUMENTATION_COMMENTS = YES;
				CLANG_WARN_EMPTY_BODY = YES;
				CLANG_WARN_ENUM_CONVERSION = YES;
				CLANG_WARN_INFINITE_RECURSION = YES;
				CLANG_WARN_INT_CONVERSION = YES;
				CLANG_WARN_NON_LITERAL_NULL_CONVERSION = YES;
				CLANG_WARN_OBJC_IMPLICIT_RETAIN_SELF = YES;
				CLANG_WARN_OBJC_LITERAL_CONVERSION = YES;
				CLANG_WARN_OBJC_ROOT_CLASS = YES_ERROR;
				CLANG_WARN_RANGE_LOOP_ANALYSIS = YES;
				CLANG_WARN_STRICT_PROTOTYPES = YES;
				CLANG_WARN_SUSPICIOUS_MOVE = YES;
				CLANG_WARN_UNGUARDED_AVAILABILITY = YES_AGGRESSIVE;
				CLANG_WARN_UNREACHABLE_CODE = YES;
				CLANG_WARN__DUPLICATE_METHOD_MATCH = YES;
				CODE_SIGN_IDENTITY = "iPhone Developer";
				COPY_PHASE_STRIP = NO;
				DEBUG_INFORMATION_FORMAT = dwarf;
				ENABLE_STRICT_OBJC_MSGSEND = YES;
				ENABLE_TESTABILITY = YES;
				GCC_C_LANGUAGE_STANDARD = gnu11;
				GCC_DYNAMIC_NO_PIC = NO;
				GCC_NO_COMMON_BLOCKS = YES;
				GCC_OPTIMIZATION_LEVEL = 0;
				GCC_PREPROCESSOR_DEFINITIONS = (
					"DEBUG=1",
					"$(inherited)",
				);
				GCC_WARN_64_TO_32_BIT_CONVERSION = YES;
				GCC_WARN_ABOUT_RETURN_TYPE = YES_ERROR;
				GCC_WARN_UNDECLARED_SELECTOR = YES;
				GCC_WARN_UNINITIALIZED_AUTOS = YES_AGGRESSIVE;
				GCC_WARN_UNUSED_FUNCTION = YES;
				GCC_WARN_UNUSED_VARIABLE = YES;
				IPHONEOS_DEPLOYMENT_TARGET = 12.1;
				MTL_ENABLE_DEBUG_INFO = INCLUDE_SOURCE;
				MTL_FAST_MATH = YES;
				ONLY_ACTIVE_ARCH = YES;
				SDKROOT = iphoneos;
				SWIFT_ACTIVE_COMPILATION_CONDITIONS = DEBUG;
				SWIFT_OPTIMIZATION_LEVEL = "-Onone";
			};
			name = Debug;
		};
		982CEEAB225D502600D3E886 /* Release */ = {
			isa = XCBuildConfiguration;
			buildSettings = {
				ALWAYS_SEARCH_USER_PATHS = NO;
				CLANG_ANALYZER_NONNULL = YES;
				CLANG_ANALYZER_NUMBER_OBJECT_CONVERSION = YES_AGGRESSIVE;
				CLANG_CXX_LANGUAGE_STANDARD = "gnu++14";
				CLANG_CXX_LIBRARY = "libc++";
				CLANG_ENABLE_MODULES = YES;
				CLANG_ENABLE_OBJC_ARC = YES;
				CLANG_ENABLE_OBJC_WEAK = YES;
				CLANG_WARN_BLOCK_CAPTURE_AUTORELEASING = YES;
				CLANG_WARN_BOOL_CONVERSION = YES;
				CLANG_WARN_COMMA = YES;
				CLANG_WARN_CONSTANT_CONVERSION = YES;
				CLANG_WARN_DEPRECATED_OBJC_IMPLEMENTATIONS = YES;
				CLANG_WARN_DIRECT_OBJC_ISA_USAGE = YES_ERROR;
				CLANG_WARN_DOCUMENTATION_COMMENTS = YES;
				CLANG_WARN_EMPTY_BODY = YES;
				CLANG_WARN_ENUM_CONVERSION = YES;
				CLANG_WARN_INFINITE_RECURSION = YES;
				CLANG_WARN_INT_CONVERSION = YES;
				CLANG_WARN_NON_LITERAL_NULL_CONVERSION = YES;
				CLANG_WARN_OBJC_IMPLICIT_RETAIN_SELF = YES;
				CLANG_WARN_OBJC_LITERAL_CONVERSION = YES;
				CLANG_WARN_OBJC_ROOT_CLASS = YES_ERROR;
				CLANG_WARN_RANGE_LOOP_ANALYSIS = YES;
				CLANG_WARN_STRICT_PROTOTYPES = YES;
				CLANG_WARN_SUSPICIOUS_MOVE = YES;
				CLANG_WARN_UNGUARDED_AVAILABILITY = YES_AGGRESSIVE;
				CLANG_WARN_UNREACHABLE_CODE = YES;
				CLANG_WARN__DUPLICATE_METHOD_MATCH = YES;
				CODE_SIGN_IDENTITY = "iPhone Developer";
				COPY_PHASE_STRIP = NO;
				DEBUG_INFORMATION_FORMAT = "dwarf-with-dsym";
				ENABLE_NS_ASSERTIONS = NO;
				ENABLE_STRICT_OBJC_MSGSEND = YES;
				GCC_C_LANGUAGE_STANDARD = gnu11;
				GCC_NO_COMMON_BLOCKS = YES;
				GCC_WARN_64_TO_32_BIT_CONVERSION = YES;
				GCC_WARN_ABOUT_RETURN_TYPE = YES_ERROR;
				GCC_WARN_UNDECLARED_SELECTOR = YES;
				GCC_WARN_UNINITIALIZED_AUTOS = YES_AGGRESSIVE;
				GCC_WARN_UNUSED_FUNCTION = YES;
				GCC_WARN_UNUSED_VARIABLE = YES;
				IPHONEOS_DEPLOYMENT_TARGET = 12.1;
				MTL_ENABLE_DEBUG_INFO = NO;
				MTL_FAST_MATH = YES;
				SDKROOT = iphoneos;
				SWIFT_COMPILATION_MODE = wholemodule;
				SWIFT_OPTIMIZATION_LEVEL = "-O";
				VALIDATE_PRODUCT = YES;
			};
			name = Release;
		};
		982CEEAD225D502600D3E886 /* Debug */ = {
			isa = XCBuildConfiguration;
			baseConfigurationReference = 3C79D40E3D150C78AE85E7FC /* Pods-Chef It Up.debug.xcconfig */;
			buildSettings = {
				ASSETCATALOG_COMPILER_APPICON_NAME = AppIcon;
				CODE_SIGN_STYLE = Automatic;
				INFOPLIST_FILE = "Chef It Up/Info.plist";
				LD_RUNPATH_SEARCH_PATHS = (
					"$(inherited)",
					"@executable_path/Frameworks",
				);
				PRODUCT_BUNDLE_IDENTIFIER = "MidProgram.Chef-It-Up";
				PRODUCT_NAME = "$(TARGET_NAME)";
				SWIFT_VERSION = 4.2;
				TARGETED_DEVICE_FAMILY = "1,2";
			};
			name = Debug;
		};
		982CEEAE225D502600D3E886 /* Release */ = {
			isa = XCBuildConfiguration;
			baseConfigurationReference = CC1F8A795414ECE1480C170D /* Pods-Chef It Up.release.xcconfig */;
			buildSettings = {
				ASSETCATALOG_COMPILER_APPICON_NAME = AppIcon;
				CODE_SIGN_STYLE = Automatic;
				INFOPLIST_FILE = "Chef It Up/Info.plist";
				LD_RUNPATH_SEARCH_PATHS = (
					"$(inherited)",
					"@executable_path/Frameworks",
				);
				PRODUCT_BUNDLE_IDENTIFIER = "MidProgram.Chef-It-Up";
				PRODUCT_NAME = "$(TARGET_NAME)";
				SWIFT_VERSION = 4.2;
				TARGETED_DEVICE_FAMILY = "1,2";
			};
			name = Release;
		};
		982CEEB0225D502600D3E886 /* Debug */ = {
			isa = XCBuildConfiguration;
			baseConfigurationReference = 254AA7E618823372522CC7A9 /* Pods-Chef It UpTests.debug.xcconfig */;
			buildSettings = {
				ALWAYS_EMBED_SWIFT_STANDARD_LIBRARIES = YES;
				BUNDLE_LOADER = "$(TEST_HOST)";
				CODE_SIGN_STYLE = Automatic;
				INFOPLIST_FILE = "Chef It UpTests/Info.plist";
				LD_RUNPATH_SEARCH_PATHS = (
					"$(inherited)",
					"@executable_path/Frameworks",
					"@loader_path/Frameworks",
				);
				PRODUCT_BUNDLE_IDENTIFIER = "MidProgram.Chef-It-UpTests";
				PRODUCT_NAME = "$(TARGET_NAME)";
				SWIFT_VERSION = 4.2;
				TARGETED_DEVICE_FAMILY = "1,2";
				TEST_HOST = "$(BUILT_PRODUCTS_DIR)/Chef It Up.app/Chef It Up";
			};
			name = Debug;
		};
		982CEEB1225D502600D3E886 /* Release */ = {
			isa = XCBuildConfiguration;
			baseConfigurationReference = 96B65AA8709739563BD7519B /* Pods-Chef It UpTests.release.xcconfig */;
			buildSettings = {
				ALWAYS_EMBED_SWIFT_STANDARD_LIBRARIES = YES;
				BUNDLE_LOADER = "$(TEST_HOST)";
				CODE_SIGN_STYLE = Automatic;
				INFOPLIST_FILE = "Chef It UpTests/Info.plist";
				LD_RUNPATH_SEARCH_PATHS = (
					"$(inherited)",
					"@executable_path/Frameworks",
					"@loader_path/Frameworks",
				);
				PRODUCT_BUNDLE_IDENTIFIER = "MidProgram.Chef-It-UpTests";
				PRODUCT_NAME = "$(TARGET_NAME)";
				SWIFT_VERSION = 4.2;
				TARGETED_DEVICE_FAMILY = "1,2";
				TEST_HOST = "$(BUILT_PRODUCTS_DIR)/Chef It Up.app/Chef It Up";
			};
			name = Release;
		};
		982CEEB3225D502600D3E886 /* Debug */ = {
			isa = XCBuildConfiguration;
			baseConfigurationReference = F8D55E3B17B1C4384A1FDD72 /* Pods-Chef It UpUITests.debug.xcconfig */;
			buildSettings = {
				ALWAYS_EMBED_SWIFT_STANDARD_LIBRARIES = YES;
				CODE_SIGN_STYLE = Automatic;
				INFOPLIST_FILE = "Chef It UpUITests/Info.plist";
				LD_RUNPATH_SEARCH_PATHS = (
					"$(inherited)",
					"@executable_path/Frameworks",
					"@loader_path/Frameworks",
				);
				PRODUCT_BUNDLE_IDENTIFIER = "MidProgram.Chef-It-UpUITests";
				PRODUCT_NAME = "$(TARGET_NAME)";
				SWIFT_VERSION = 4.2;
				TARGETED_DEVICE_FAMILY = "1,2";
				TEST_TARGET_NAME = "Chef It Up";
			};
			name = Debug;
		};
		982CEEB4225D502600D3E886 /* Release */ = {
			isa = XCBuildConfiguration;
			baseConfigurationReference = 75BDB28BF73CB153D14BA756 /* Pods-Chef It UpUITests.release.xcconfig */;
			buildSettings = {
				ALWAYS_EMBED_SWIFT_STANDARD_LIBRARIES = YES;
				CODE_SIGN_STYLE = Automatic;
				INFOPLIST_FILE = "Chef It UpUITests/Info.plist";
				LD_RUNPATH_SEARCH_PATHS = (
					"$(inherited)",
					"@executable_path/Frameworks",
					"@loader_path/Frameworks",
				);
				PRODUCT_BUNDLE_IDENTIFIER = "MidProgram.Chef-It-UpUITests";
				PRODUCT_NAME = "$(TARGET_NAME)";
				SWIFT_VERSION = 4.2;
				TARGETED_DEVICE_FAMILY = "1,2";
				TEST_TARGET_NAME = "Chef It Up";
			};
			name = Release;
		};
/* End XCBuildConfiguration section */

/* Begin XCConfigurationList section */
		982CEE7F225D502100D3E886 /* Build configuration list for PBXProject "Chef It Up" */ = {
			isa = XCConfigurationList;
			buildConfigurations = (
				982CEEAA225D502600D3E886 /* Debug */,
				982CEEAB225D502600D3E886 /* Release */,
			);
			defaultConfigurationIsVisible = 0;
			defaultConfigurationName = Release;
		};
		982CEEAC225D502600D3E886 /* Build configuration list for PBXNativeTarget "Chef It Up" */ = {
			isa = XCConfigurationList;
			buildConfigurations = (
				982CEEAD225D502600D3E886 /* Debug */,
				982CEEAE225D502600D3E886 /* Release */,
			);
			defaultConfigurationIsVisible = 0;
			defaultConfigurationName = Release;
		};
		982CEEAF225D502600D3E886 /* Build configuration list for PBXNativeTarget "Chef It UpTests" */ = {
			isa = XCConfigurationList;
			buildConfigurations = (
				982CEEB0225D502600D3E886 /* Debug */,
				982CEEB1225D502600D3E886 /* Release */,
			);
			defaultConfigurationIsVisible = 0;
			defaultConfigurationName = Release;
		};
		982CEEB2225D502600D3E886 /* Build configuration list for PBXNativeTarget "Chef It UpUITests" */ = {
			isa = XCConfigurationList;
			buildConfigurations = (
				982CEEB3225D502600D3E886 /* Debug */,
				982CEEB4225D502600D3E886 /* Release */,
			);
			defaultConfigurationIsVisible = 0;
			defaultConfigurationName = Release;
		};
/* End XCConfigurationList section */
	};
	rootObject = 982CEE7C225D502100D3E886 /* Project object */;
}
